
Microsoft Visual Studio Solution File, Format Version 12.00
# Visual Studio Version 17
VisualStudioVersion = 17.3.32901.215
MinimumVisualStudioVersion = 10.0.40219.1
Project("{FAE04EC0-301F-11D3-BF4B-00C04F79EFBC}") = "KyhStringDemos", "KyhStringDemos\KyhStringDemos.csproj", "{DFC0054A-B224-4E53-9B65-264A68A25ACC}"
EndProject
Global
	GlobalSection(SolutionConfigurationPlatforms) = preSolution
		Debug|Any CPU = Debug|Any CPU
		Release|Any CPU = Release|Any CPU
	EndGlobalSection
	GlobalSection(ProjectConfigurationPlatforms) = postSolution
		{DFC0054A-B224-4E53-9B65-264A68A25ACC}.Debug|Any CPU.ActiveCfg = Debug|Any CPU
		{DFC0054A-B224-4E53-9B65-264A68A25ACC}.Debug|Any CPU.Build.0 = Debug|Any CPU
		{DFC0054A-B224-4E53-9B65-264A68A25ACC}.Release|Any CPU.ActiveCfg = Release|Any CPU
		{DFC0054A-B224-4E53-9B65-264A68A25ACC}.Release|Any CPU.Build.0 = Release|Any CPU
	EndGlobalSection
	GlobalSection(SolutionProperties) = preSolution
		HideSolutionNode = FALSE
	EndGlobalSection
	GlobalSection(ExtensibilityGlobals) = postSolution
		SolutionGuid = {A15B583B-15A9-4F5C-9EA4-3650F6E2A608}
	EndGlobalSection
EndGlobal
